
Microsoft Visual Studio Solution File, Format Version 12.00
# Visual Studio Version 16
VisualStudioVersion = 16.0.31702.278
MinimumVisualStudioVersion = 10.0.40219.1
Project("{FAE04EC0-301F-11D3-BF4B-00C04F79EFBC}") = "LinqPractice1", "LinqPractice1\LinqPractice1.csproj", "{0A26F9A5-180B-4B4E-8F18-176F00A0275F}"
EndProject
Global
	GlobalSection(SolutionConfigurationPlatforms) = preSolution
		Debug|Any CPU = Debug|Any CPU
		Release|Any CPU = Release|Any CPU
	EndGlobalSection
	GlobalSection(ProjectConfigurationPlatforms) = postSolution
		{0A26F9A5-180B-4B4E-8F18-176F00A0275F}.Debug|Any CPU.ActiveCfg = Debug|Any CPU
		{0A26F9A5-180B-4B4E-8F18-176F00A0275F}.Debug|Any CPU.Build.0 = Debug|Any CPU
		{0A26F9A5-180B-4B4E-8F18-176F00A0275F}.Release|Any CPU.ActiveCfg = Release|Any CPU
		{0A26F9A5-180B-4B4E-8F18-176F00A0275F}.Release|Any CPU.Build.0 = Release|Any CPU
	EndGlobalSection
	GlobalSection(SolutionProperties) = preSolution
		HideSolutionNode = FALSE
	EndGlobalSection
	GlobalSection(ExtensibilityGlobals) = postSolution
		SolutionGuid = {7BFC7115-B544-400B-98E2-AACA532B1BD4}
	EndGlobalSection
EndGlobal
